
Microsoft Visual Studio Solution File, Format Version 12.00
# Visual Studio 14
VisualStudioVersion = 14.0.25420.1
MinimumVisualStudioVersion = 10.0.40219.1
Project("{FAE04EC0-301F-11D3-BF4B-00C04F79EFBC}") = "ReactiveUI.Helpers", "ReactiveUI.Helpers\ReactiveUI.Helpers.csproj", "{644E1543-72F4-4ED6-A63A-9DB8C21A2948}"
EndProject
Project("{FAE04EC0-301F-11D3-BF4B-00C04F79EFBC}") = "ReactiveUI.Helpers.Tests", "ReactiveUI.Helpers.Tests\ReactiveUI.Helpers.Tests.csproj", "{8367B96B-4DEB-4CFE-9134-5790788C042C}"
EndProject
Global
	GlobalSection(SolutionConfigurationPlatforms) = preSolution
		Debug|Any CPU = Debug|Any CPU
		Release|Any CPU = Release|Any CPU
	EndGlobalSection
	GlobalSection(ProjectConfigurationPlatforms) = postSolution
		{644E1543-72F4-4ED6-A63A-9DB8C21A2948}.Debug|Any CPU.ActiveCfg = Debug|Any CPU
		{644E1543-72F4-4ED6-A63A-9DB8C21A2948}.Debug|Any CPU.Build.0 = Debug|Any CPU
		{644E1543-72F4-4ED6-A63A-9DB8C21A2948}.Release|Any CPU.ActiveCfg = Release|Any CPU
		{644E1543-72F4-4ED6-A63A-9DB8C21A2948}.Release|Any CPU.Build.0 = Release|Any CPU
		{8367B96B-4DEB-4CFE-9134-5790788C042C}.Debug|Any CPU.ActiveCfg = Debug|Any CPU
		{8367B96B-4DEB-4CFE-9134-5790788C042C}.Debug|Any CPU.Build.0 = Debug|Any CPU
		{8367B96B-4DEB-4CFE-9134-5790788C042C}.Release|Any CPU.ActiveCfg = Release|Any CPU
		{8367B96B-4DEB-4CFE-9134-5790788C042C}.Release|Any CPU.Build.0 = Release|Any CPU
	EndGlobalSection
	GlobalSection(SolutionProperties) = preSolution
		HideSolutionNode = FALSE
	EndGlobalSection
EndGlobal
